
Microsoft Visual Studio Solution File, Format Version 11.00
# Visual Studio 2010
Project("{FAE04EC0-301F-11D3-BF4B-00C04F79EFBC}") = "Astro Horizon Fix", "Assembly-CSharp.csproj", "{F6106BA8-7059-DCAF-CF73-893E519B6BAA}"
EndProject
Project("{FAE04EC0-301F-11D3-BF4B-00C04F79EFBC}") = "Astro Horizon Fix", "Assembly-CSharp-Editor.csproj", "{322FD92A-BE53-1841-87FC-04E4762DD323}"
EndProject
Global
	GlobalSection(SolutionConfigurationPlatforms) = preSolution
		Debug|Any CPU = Debug|Any CPU
		Release|Any CPU = Release|Any CPU
	EndGlobalSection
	GlobalSection(ProjectConfigurationPlatforms) = postSolution
		{F6106BA8-7059-DCAF-CF73-893E519B6BAA}.Debug|Any CPU.ActiveCfg = Debug|Any CPU
		{F6106BA8-7059-DCAF-CF73-893E519B6BAA}.Debug|Any CPU.Build.0 = Debug|Any CPU
		{F6106BA8-7059-DCAF-CF73-893E519B6BAA}.Release|Any CPU.ActiveCfg = Release|Any CPU
		{F6106BA8-7059-DCAF-CF73-893E519B6BAA}.Release|Any CPU.Build.0 = Release|Any CPU
		{322FD92A-BE53-1841-87FC-04E4762DD323}.Debug|Any CPU.ActiveCfg = Debug|Any CPU
		{322FD92A-BE53-1841-87FC-04E4762DD323}.Debug|Any CPU.Build.0 = Debug|Any CPU
		{322FD92A-BE53-1841-87FC-04E4762DD323}.Release|Any CPU.ActiveCfg = Release|Any CPU
		{322FD92A-BE53-1841-87FC-04E4762DD323}.Release|Any CPU.Build.0 = Release|Any CPU
	EndGlobalSection
	GlobalSection(SolutionProperties) = preSolution
		HideSolutionNode = FALSE
	EndGlobalSection
	GlobalSection(MonoDevelopProperties) = preSolution
		StartupItem = Assembly-CSharp.csproj
	EndGlobalSection
EndGlobal
